<?xml version="1.0" encoding="utf-8"?>
<Project ToolsVersion="4.0" xmlns="http://schemas.microsoft.com/developer/msbuild/2003">
  <ItemGroup>
    <Filter Include="Icey">
      <UniqueIdentifier>{CFC9867C-BB00-880D-64ED-6D105003040F}</UniqueIdentifier>
    </Filter>
  </ItemGroup>
  <ItemGroup>
    <ClInclude Include="src\Icey.h" />
    <ClInclude Include="src\Icey\Application.h">
      <Filter>Icey</Filter>
    </ClInclude>
    <ClInclude Include="src\Icey\Core.h">
      <Filter>Icey</Filter>
    </ClInclude>
    <ClInclude Include="src\Icey\EntryPoint.h">
      <Filter>Icey</Filter>
    </ClInclude>
    <ClInclude Include="src\Icey\Log.h">
      <Filter>Icey</Filter>
    </ClInclude>
  </ItemGroup>
  <ItemGroup>
    <ClCompile Include="src\Icey\Application.cpp">
      <Filter>Icey</Filter>
    </ClCompile>
    <ClCompile Include="src\Icey\Log.cpp">
      <Filter>Icey</Filter>
    </ClCompile>
  </ItemGroup>
</Project>